%{
  "aebytecode": {:git, "https://github.com/aeternity/aebytecode.git", "b38349274fc2bed98d7fe86877e6e1a2df302109", [tag: "v3.3.0"]},
  "aerepl": {:git, "https://github.com/aeternity/aerepl", "b6b3ce0a7c48a2af95890871f0c03b194b518a1b", [branch: "fs-cache"]},
  "aeserialization": {:git, "https://github.com/aeternity/aeserialization.git", "177bf604b2a05e940f92cf00e96e6e269e708245", [tag: "v1.0.0"]},
  "aesophia": {:git, "https://github.com/aeternity/aesophia.git", "43c8328615ae3752c1e80ea74a9dbade8123e655", [tag: "v7.2.1"]},
  "app_ctrl": {:git, "https://github.com/aeternity/app_ctrl.git", "c1fb92758ab7add4489837eff3a7d5d44b925dd2", [ref: "c1fb927"]},
  "base58": {:git, "https://github.com/aeternity/erl-base58.git", "60a335668a60328a29f9731b67c4a0e9e3d50ab6", [ref: "60a3356"]},
  "bear": {:hex, :bear, "1.0.0", "430419c1126b477686cde843e88ba0f2c7dc5cdf0881c677500074f704339a99", [:rebar3], [], "hexpm", "157b67901adf84ff0da6eae035ca1292a0ac18aa55148154d8c582b2c68959db"},
  "bunt": {:hex, :bunt, "0.2.1", "e2d4792f7bc0ced7583ab54922808919518d0e57ee162901a16a1b6664ef3b14", [:mix], [], "hexpm", "a330bfb4245239787b15005e66ae6845c9cd524a288f0d141c148b02603777a5"},
  "cowboy": {:hex, :cowboy, "2.10.0", "ff9ffeff91dae4ae270dd975642997afe2a1179d94b1887863e43f681a203e26", [:make, :rebar3], [{:cowlib, "2.12.1", [hex: :cowlib, repo: "hexpm", optional: false]}, {:ranch, "1.8.0", [hex: :ranch, repo: "hexpm", optional: false]}], "hexpm", "3afdccb7183cc6f143cb14d3cf51fa00e53db9ec80cdcd525482f5e99bc41d6b"},
  "cowboy_telemetry": {:hex, :cowboy_telemetry, "0.4.0", "f239f68b588efa7707abce16a84d0d2acf3a0f50571f8bb7f56a15865aae820c", [:rebar3], [{:cowboy, "~> 2.7", [hex: :cowboy, repo: "hexpm", optional: false]}, {:telemetry, "~> 1.0", [hex: :telemetry, repo: "hexpm", optional: false]}], "hexpm", "7d98bac1ee4565d31b62d59f8823dfd8356a169e7fcbb83831b8a5397404c9de"},
  "cowlib": {:hex, :cowlib, "2.12.1", "a9fa9a625f1d2025fe6b462cb865881329b5caff8f1854d1cbc9f9533f00e1e1", [:make, :rebar3], [], "hexpm", "163b73f6367a7341b33c794c4e88e7dbfe6498ac42dcd69ef44c5bc5507c8db0"},
  "credo": {:hex, :credo, "1.6.7", "323f5734350fd23a456f2688b9430e7d517afb313fbd38671b8a4449798a7854", [:mix], [{:bunt, "~> 0.2.1", [hex: :bunt, repo: "hexpm", optional: false]}, {:file_system, "~> 0.2.8", [hex: :file_system, repo: "hexpm", optional: false]}, {:jason, "~> 1.0", [hex: :jason, repo: "hexpm", optional: false]}], "hexpm", "41e110bfb007f7eda7f897c10bf019ceab9a0b269ce79f015d54b0dcf4fc7dd3"},
  "dogma": {:hex, :dogma, "0.1.16", "3c1532e2f63ece4813fe900a16704b8e33264da35fdb0d8a1d05090a3022eef9", [:mix], [{:poison, ">= 2.0.0", [hex: :poison, repo: "hexpm", optional: false]}], "hexpm", "8533cb896ea527959923f9c3f08e7083e18ff681388ad7c9a599dd5d28e9085f"},
  "eblake2": {:hex, :eblake2, "1.0.0", "ec8ad20e438aab3f2e8d5d118c366a0754219195f8a0f536587440f8f9bcf2ef", [:rebar3], [], "hexpm", "3c4d300a91845b25d501929a26ac2e6f7157480846fab2347a4c11ae52e08a99"},
  "enacl": {:git, "https://github.com/aeternity/enacl.git", "67fceef42c0d055570f2e67b571f8d1f8de2f204", [ref: "67fceef"]},
  "file_system": {:hex, :file_system, "0.2.10", "fb082005a9cd1711c05b5248710f8826b02d7d1784e7c3451f9c1231d4fc162d", [:mix], [], "hexpm", "41195edbfb562a593726eda3b3e8b103a309b733ad25f3d642ba49696bf715dc"},
  "folsom": {:hex, :folsom, "1.0.0", "50ecc998d2149939f1d5e0aa3e32788f8ed16a58e390d81b5c0be4cc4ef25589", [:rebar3], [{:bear, "1.0.0", [hex: :bear, repo: "hexpm", optional: false]}], "hexpm", "dd6ab97278e94f9e4cfc43e188224a7b8c7eaec0dd2e935007005177f3eebb0e"},
  "getopt": {:hex, :getopt, "1.0.1", "c73a9fa687b217f2ff79f68a3b637711bb1936e712b521d8ce466b29cbf7808a", [:rebar3], [], "hexpm", "53e1ab83b9ceb65c9672d3e7a35b8092e9bdc9b3ee80721471a161c10c59959c"},
  "goldrush": {:git, "https://github.com/DeadZen/goldrush.git", "8f1b715d36b650ec1e1f5612c00e28af6ab0de82", [tag: "0.1.9"]},
  "gproc": {:hex, :gproc, "0.9.0", "853ccb7805e9ada25d227a157ba966f7b34508f386a3e7e21992b1b484230699", [:rebar3], [], "hexpm", "587e8af698ccd3504cf4ba8d90f893ede2b0f58cabb8a916e2bf9321de3cf10b"},
  "hex2bin": {:hex, :hex2bin, "1.0.0", "aac26eab998ae80eacee1c7607c629ab503ebf77a62b9242bae2b94d47dcb71e", [:rebar3], [], "hexpm", "e7012d1d9aadd26e680f0983d26fb8923707f05fac9688f19f530fa3795e716f"},
  "jason": {:hex, :jason, "1.3.0", "fa6b82a934feb176263ad2df0dbd91bf633d4a46ebfdffea0c8ae82953714946", [:mix], [{:decimal, "~> 1.0 or ~> 2.0", [hex: :decimal, repo: "hexpm", optional: true]}], "hexpm", "53fc1f51255390e0ec7e50f9cb41e751c260d065dcba2bf0d08dc51a4002c2ac"},
  "jobs": {:hex, :jobs, "0.10.0", "329c024a889249ea8262d0ef70bc7a498b7c96da95977ebd026b13b069fb0e13", [:rebar3], [{:parse_trans, "3.4.0", [hex: :parse_trans, repo: "hexpm", optional: false]}, {:setup, "2.1.0", [hex: :setup, repo: "hexpm", optional: false]}], "hexpm", "09d486146bd32897726bb1f63dd95d1eb7f6f5a4c21c38ca58ab1646e8229724"},
  "jsx": {:git, "https://github.com/talentdeficit/jsx.git", "3074d4865b3385a050badf7828ad31490d860df5", [ref: "3074d48"]},
  "lager": {:git, "https://github.com/erlang-lager/lager.git", "fae53399253da622afde3bf5fb5ff124b7d887fa", [ref: "fae5339"]},
  "mime": {:hex, :mime, "2.0.5", "dc34c8efd439abe6ae0343edbb8556f4d63f178594894720607772a041b04b02", [:mix], [], "hexpm", "da0d64a365c45bc9935cc5c8a7fc5e49a0e0f9932a761c55d6c52b142780a05c"},
  "parse_trans": {:hex, :parse_trans, "3.4.0", "bb87ac362a03ca674ebb7d9d498f45c03256aded7214c9101f7035ef44b798c7", [:rebar3], [], "hexpm", "f99e368830bea44552224e37e04943a54874f08b8590485de8d13832b63a2dc3"},
  "phoenix": {:hex, :phoenix, "1.5.14", "2d5db884be496eefa5157505ec0134e66187cb416c072272420c5509d67bf808", [:mix], [{:jason, "~> 1.0", [hex: :jason, repo: "hexpm", optional: true]}, {:phoenix_html, "~> 2.13 or ~> 3.0", [hex: :phoenix_html, repo: "hexpm", optional: true]}, {:phoenix_pubsub, "~> 2.0", [hex: :phoenix_pubsub, repo: "hexpm", optional: false]}, {:plug, "~> 1.10", [hex: :plug, repo: "hexpm", optional: false]}, {:plug_cowboy, "~> 1.0 or ~> 2.2", [hex: :plug_cowboy, repo: "hexpm", optional: true]}, {:plug_crypto, "~> 1.1.2 or ~> 1.2", [hex: :plug_crypto, repo: "hexpm", optional: false]}, {:telemetry, "~> 0.4 or ~> 1.0", [hex: :telemetry, repo: "hexpm", optional: false]}], "hexpm", "207f1aa5520320cbb7940d7ff2dde2342162cf513875848f88249ea0ba02fef7"},
  "phoenix_html": {:hex, :phoenix_html, "3.2.0", "1c1219d4b6cb22ac72f12f73dc5fad6c7563104d083f711c3fcd8551a1f4ae11", [:mix], [{:plug, "~> 1.5", [hex: :plug, repo: "hexpm", optional: true]}], "hexpm", "36ec97ba56d25c0136ef1992c37957e4246b649d620958a1f9fa86165f8bc54f"},
  "phoenix_live_reload": {:hex, :phoenix_live_reload, "1.3.3", "3a53772a6118d5679bf50fc1670505a290e32a1d195df9e069d8c53ab040c054", [:mix], [{:file_system, "~> 0.2.1 or ~> 0.3", [hex: :file_system, repo: "hexpm", optional: false]}, {:phoenix, "~> 1.4", [hex: :phoenix, repo: "hexpm", optional: false]}], "hexpm", "766796676e5f558dbae5d1bdb066849673e956005e3730dfd5affd7a6da4abac"},
  "phoenix_pubsub": {:hex, :phoenix_pubsub, "2.1.3", "3168d78ba41835aecad272d5e8cd51aa87a7ac9eb836eabc42f6e57538e3731d", [:mix], [], "hexpm", "bba06bc1dcfd8cb086759f0edc94a8ba2bc8896d5331a1e2c2902bf8e36ee502"},
  "plug": {:hex, :plug, "1.14.2", "cff7d4ec45b4ae176a227acd94a7ab536d9b37b942c8e8fa6dfc0fff98ff4d80", [:mix], [{:mime, "~> 1.0 or ~> 2.0", [hex: :mime, repo: "hexpm", optional: false]}, {:plug_crypto, "~> 1.1.1 or ~> 1.2", [hex: :plug_crypto, repo: "hexpm", optional: false]}, {:telemetry, "~> 0.4.3 or ~> 1.0", [hex: :telemetry, repo: "hexpm", optional: false]}], "hexpm", "842fc50187e13cf4ac3b253d47d9474ed6c296a8732752835ce4a86acdf68d13"},
  "plug_cowboy": {:hex, :plug_cowboy, "2.5.2", "62894ccd601cf9597e2c23911ff12798a8a18d237e9739f58a6b04e4988899fe", [:mix], [{:cowboy, "~> 2.7", [hex: :cowboy, repo: "hexpm", optional: false]}, {:cowboy_telemetry, "~> 0.3", [hex: :cowboy_telemetry, repo: "hexpm", optional: false]}, {:plug, "~> 1.7", [hex: :plug, repo: "hexpm", optional: false]}], "hexpm", "ea6e87f774c8608d60c8d34022a7d073bd7680a0a013f049fc62bf35efea1044"},
  "plug_crypto": {:hex, :plug_crypto, "1.2.5", "918772575e48e81e455818229bf719d4ab4181fcbf7f85b68a35620f78d89ced", [:mix], [], "hexpm", "26549a1d6345e2172eb1c233866756ae44a9609bd33ee6f99147ab3fd87fd842"},
  "poison": {:hex, :poison, "5.0.0", "d2b54589ab4157bbb82ec2050757779bfed724463a544b6e20d79855a9e43b24", [:mix], [{:decimal, "~> 2.0", [hex: :decimal, repo: "hexpm", optional: true]}], "hexpm", "11dc6117c501b80c62a7594f941d043982a1bd05a1184280c0d9166eb4d8d3fc"},
  "ranch": {:hex, :ranch, "1.8.0", "8c7a100a139fd57f17327b6413e4167ac559fbc04ca7448e9be9057311597a1d", [:make, :rebar3], [], "hexpm", "49fbcfd3682fab1f5d109351b61257676da1a2fdbe295904176d5e521a2ddfe5"},
  "setup": {:hex, :setup, "2.1.0", "05f69185a5eb71474c9bc6ba892565651ec7507791f85632b7b914dbfe130510", [:rebar3], [], "hexpm", "efd072578f0cf85bea96caaffc7adb0992398272522660a136e10567377071c5"},
  "sext": {:hex, :sext, "1.8.0", "90a95b889f5c781b70bbcf44278b763148e313c376b60d87ce664cb1c1dd29b5", [:rebar3], [], "hexpm", "bc6016cb8690baf677eacacfe6e7cadfec8dc7e286cbbed762f6cd55b0678e73"},
  "sha3": {:git, "https://github.com/aeternity/erlang-sha3", "b5f27a29ba1179e5907c50d7ec7aa79b2857e981", [ref: "b5f27a2"]},
  "telemetry": {:hex, :telemetry, "1.1.0", "a589817034a27eab11144ad24d5c0f9fab1f58173274b1e9bae7074af9cbee51", [:rebar3], [], "hexpm", "b727b2a1f75614774cff2d7565b64d0dfa5bd52ba517f16543e6fc7efcc0df48"},
  "uuid": {:hex, :uuid, "1.1.8", "e22fc04499de0de3ed1116b770c7737779f226ceefa0badb3592e64d5cfb4eb9", [:mix], [], "hexpm", "c790593b4c3b601f5dc2378baae7efaf5b3d73c4c6456ba85759905be792f2ac"},
}
